
Microsoft Visual Studio Solution File, Format Version 12.00
# Visual Studio 15
VisualStudioVersion = 15.0.27428.2015
MinimumVisualStudioVersion = 10.0.40219.1
Project("{FAE04EC0-301F-11D3-BF4B-00C04F79EFBC}") = "DataProtectionApi", "DataProtectionApi\DataProtectionApi.csproj", "{31D467C4-D99C-463C-9F63-256CB29A9F11}"
EndProject
Global
	GlobalSection(SolutionConfigurationPlatforms) = preSolution
		Debug|Any CPU = Debug|Any CPU
		Release|Any CPU = Release|Any CPU
	EndGlobalSection
	GlobalSection(ProjectConfigurationPlatforms) = postSolution
		{31D467C4-D99C-463C-9F63-256CB29A9F11}.Debug|Any CPU.ActiveCfg = Debug|Any CPU
		{31D467C4-D99C-463C-9F63-256CB29A9F11}.Debug|Any CPU.Build.0 = Debug|Any CPU
		{31D467C4-D99C-463C-9F63-256CB29A9F11}.Release|Any CPU.ActiveCfg = Release|Any CPU
		{31D467C4-D99C-463C-9F63-256CB29A9F11}.Release|Any CPU.Build.0 = Release|Any CPU
	EndGlobalSection
	GlobalSection(SolutionProperties) = preSolution
		HideSolutionNode = FALSE
	EndGlobalSection
	GlobalSection(ExtensibilityGlobals) = postSolution
		SolutionGuid = {C94E273A-273A-447E-9170-8FF407FBF1E5}
	EndGlobalSection
EndGlobal
